// !$*UTF8*$!
{
	archiveVersion = 1;
	classes = {
	};
	objectVersion = 50;
	objects = {

/* Begin PBXBuildFile section */
		11F828D8237CEBAE00459CAB /* AppDelegate.swift in Sources */ = {isa = PBXBuildFile; fileRef = 11F828D7237CEBAE00459CAB /* AppDelegate.swift */; };
		11F828DA237CEBAE00459CAB /* SceneDelegate.swift in Sources */ = {isa = PBXBuildFile; fileRef = 11F828D9237CEBAE00459CAB /* SceneDelegate.swift */; };
		11F828DF237CEBAE00459CAB /* Main.storyboard in Resources */ = {isa = PBXBuildFile; fileRef = 11F828DD237CEBAE00459CAB /* Main.storyboard */; };
		11F828E1237CEBBA00459CAB /* Assets.xcassets in Resources */ = {isa = PBXBuildFile; fileRef = 11F828E0237CEBBA00459CAB /* Assets.xcassets */; };
		11F828E4237CEBBA00459CAB /* LaunchScreen.storyboard in Resources */ = {isa = PBXBuildFile; fileRef = 11F828E2237CEBBA00459CAB /* LaunchScreen.storyboard */; };
		11F828EC237CEC5800459CAB /* WordsTableViewController.swift in Sources */ = {isa = PBXBuildFile; fileRef = 11F828EB237CEC5800459CAB /* WordsTableViewController.swift */; };
		11F828EE237CEC8500459CAB /* DefinitionViewController.swift in Sources */ = {isa = PBXBuildFile; fileRef = 11F828ED237CEC8500459CAB /* DefinitionViewController.swift */; };
		11F828F0237CFE0A00459CAB /* VocabularyWord.swift in Sources */ = {isa = PBXBuildFile; fileRef = 11F828EF237CFE0A00459CAB /* VocabularyWord.swift */; };
/* End PBXBuildFile section */

/* Begin PBXFileReference section */
		11F828D4237CEBAE00459CAB /* SwiftVocabulary.app */ = {isa = PBXFileReference; explicitFileType = wrapper.application; includeInIndex = 0; path = SwiftVocabulary.app; sourceTree = BUILT_PRODUCTS_DIR; };
		11F828D7237CEBAE00459CAB /* AppDelegate.swift */ = {isa = PBXFileReference; lastKnownFileType = sourcecode.swift; path = AppDelegate.swift; sourceTree = "<group>"; };
		11F828D9237CEBAE00459CAB /* SceneDelegate.swift */ = {isa = PBXFileReference; lastKnownFileType = sourcecode.swift; path = SceneDelegate.swift; sourceTree = "<group>"; };
		11F828DE237CEBAE00459CAB /* Base */ = {isa = PBXFileReference; lastKnownFileType = file.storyboard; name = Base; path = Base.lproj/Main.storyboard; sourceTree = "<group>"; };
		11F828E0237CEBBA00459CAB /* Assets.xcassets */ = {isa = PBXFileReference; lastKnownFileType = folder.assetcatalog; path = Assets.xcassets; sourceTree = "<group>"; };
		11F828E3237CEBBA00459CAB /* Base */ = {isa = PBXFileReference; lastKnownFileType = file.storyboard; name = Base; path = Base.lproj/LaunchScreen.storyboard; sourceTree = "<group>"; };
		11F828E5237CEBBA00459CAB /* Info.plist */ = {isa = PBXFileReference; lastKnownFileType = text.plist.xml; path = Info.plist; sourceTree = "<group>"; };
		11F828EB237CEC5800459CAB /* WordsTableViewController.swift */ = {isa = PBXFileReference; lastKnownFileType = sourcecode.swift; path = WordsTableViewController.swift; sourceTree = "<group>"; };
		11F828ED237CEC8500459CAB /* DefinitionViewController.swift */ = {isa = PBXFileReference; lastKnownFileType = sourcecode.swift; path = DefinitionViewController.swift; sourceTree = "<group>"; };
		11F828EF237CFE0A00459CAB /* VocabularyWord.swift */ = {isa = PBXFileReference; lastKnownFileType = sourcecode.swift; path = VocabularyWord.swift; sourceTree = "<group>"; };
/* End PBXFileReference section */

/* Begin PBXFrameworksBuildPhase section */
		11F828D1237CEBAE00459CAB /* Frameworks */ = {
			isa = PBXFrameworksBuildPhase;
			buildActionMask = 2147483647;
			files = (
			);
			runOnlyForDeploymentPostprocessing = 0;
		};
/* End PBXFrameworksBuildPhase section */

/* Begin PBXGroup section */
		11F828CB237CEBAE00459CAB = {
			isa = PBXGroup;
			children = (
				11F828D6237CEBAE00459CAB /* SwiftVocabulary */,
				11F828D5237CEBAE00459CAB /* Products */,
			);
			sourceTree = "<group>";
		};
		11F828D5237CEBAE00459CAB /* Products */ = {
			isa = PBXGroup;
			children = (
				11F828D4237CEBAE00459CAB /* SwiftVocabulary.app */,
			);
			name = Products;
			sourceTree = "<group>";
		};
		11F828D6237CEBAE00459CAB /* SwiftVocabulary */ = {
			isa = PBXGroup;
			children = (
				11F828D7237CEBAE00459CAB /* AppDelegate.swift */,
				11F828D9237CEBAE00459CAB /* SceneDelegate.swift */,
				11F828DD237CEBAE00459CAB /* Main.storyboard */,
				11F828E0237CEBBA00459CAB /* Assets.xcassets */,
				11F828E2237CEBBA00459CAB /* LaunchScreen.storyboard */,
				11F828E5237CEBBA00459CAB /* Info.plist */,
				11F828ED237CEC8500459CAB /* DefinitionViewController.swift */,
				11F828EB237CEC5800459CAB /* WordsTableViewController.swift */,
				11F828EF237CFE0A00459CAB /* VocabularyWord.swift */,
			);
			path = SwiftVocabulary;
			sourceTree = "<group>";
		};
/* End PBXGroup section */

/* Begin PBXNativeTarget section */
		11F828D3237CEBAE00459CAB /* SwiftVocabulary */ = {
			isa = PBXNativeTarget;
			buildConfigurationList = 11F828E8237CEBBA00459CAB /* Build configuration list for PBXNativeTarget "SwiftVocabulary" */;
			buildPhases = (
				11F828D0237CEBAE00459CAB /* Sources */,
				11F828D1237CEBAE00459CAB /* Frameworks */,
				11F828D2237CEBAE00459CAB /* Resources */,
			);
			buildRules = (
			);
			dependencies = (
			);
			name = SwiftVocabulary;
			productName = SwiftVocabulary;
			productReference = 11F828D4237CEBAE00459CAB /* SwiftVocabulary.app */;
			productType = "com.apple.product-type.application";
		};
/* End PBXNativeTarget section */

/* Begin PBXProject section */
		11F828CC237CEBAE00459CAB /* Project object */ = {
			isa = PBXProject;
			attributes = {
				LastSwiftUpdateCheck = 1120;
				LastUpgradeCheck = 1120;
				ORGANIZATIONNAME = "Kevin Stewart";
				TargetAttributes = {
					11F828D3237CEBAE00459CAB = {
						CreatedOnToolsVersion = 11.2;
					};
				};
			};
			buildConfigurationList = 11F828CF237CEBAE00459CAB /* Build configuration list for PBXProject "SwiftVocabulary" */;
			compatibilityVersion = "Xcode 9.3";
			developmentRegion = en;
			hasScannedForEncodings = 0;
			knownRegions = (
				en,
				Base,
			);
			mainGroup = 11F828CB237CEBAE00459CAB;
			productRefGroup = 11F828D5237CEBAE00459CAB /* Products */;
			projectDirPath = "";
			projectRoot = "";
			targets = (
				11F828D3237CEBAE00459CAB /* SwiftVocabulary */,
			);
		};
/* End PBXProject section */

/* Begin PBXResourcesBuildPhase section */
		11F828D2237CEBAE00459CAB /* Resources */ = {
			isa = PBXResourcesBuildPhase;
			buildActionMask = 2147483647;
			files = (
				11F828E4237CEBBA00459CAB /* LaunchScreen.storyboard in Resources */,
				11F828E1237CEBBA00459CAB /* Assets.xcassets in Resources */,
				11F828DF237CEBAE00459CAB /* Main.storyboard in Resources */,
			);
			runOnlyForDeploymentPostprocessing = 0;
		};
/* End PBXResourcesBuildPhase section */

/* Begin PBXSourcesBuildPhase section */
		11F828D0237CEBAE00459CAB /* Sources */ = {
			isa = PBXSourcesBuildPhase;
			buildActionMask = 2147483647;
			files = (
				11F828F0237CFE0A00459CAB /* VocabularyWord.swift in Sources */,
				11F828D8237CEBAE00459CAB /* AppDelegate.swift in Sources */,
				11F828DA237CEBAE00459CAB /* SceneDelegate.swift in Sources */,
				11F828EC237CEC5800459CAB /* WordsTableViewController.swift in Sources */,
				11F828EE237CEC8500459CAB /* DefinitionViewController.swift in Sources */,
			);
			runOnlyForDeploymentPostprocessing = 0;
		};
/* End PBXSourcesBuildPhase section */

/* Begin PBXVariantGroup section */
		11F828DD237CEBAE00459CAB /* Main.storyboard */ = {
			isa = PBXVariantGroup;
			children = (
				11F828DE237CEBAE00459CAB /* Base */,
			);
			name = Main.storyboard;
			sourceTree = "<group>";
		};
		11F828E2237CEBBA00459CAB /* LaunchScreen.storyboard */ = {
			isa = PBXVariantGroup;
			children = (
				11F828E3237CEBBA00459CAB /* Base */,
			);
			name = LaunchScreen.storyboard;
			sourceTree = "<group>";
		};
/* End PBXVariantGroup section */

/* Begin XCBuildConfiguration section */
		11F828E6237CEBBA00459CAB /* Debug */ = {
			isa = XCBuildConfiguration;
			buildSettings = {
				ALWAYS_SEARCH_USER_PATHS = NO;
				CLANG_ANALYZER_NONNULL = YES;
				CLANG_ANALYZER_NUMBER_OBJECT_CONVERSION = YES_AGGRESSIVE;
				CLANG_CXX_LANGUAGE_STANDARD = "gnu++14";
				CLANG_CXX_LIBRARY = "libc++";
				CLANG_ENABLE_MODULES = YES;
				CLANG_ENABLE_OBJC_ARC = YES;
				CLANG_ENABLE_OBJC_WEAK = YES;
				CLANG_WARN_BLOCK_CAPTURE_AUTORELEASING = YES;
				CLANG_WARN_BOOL_CONVERSION = YES;
				CLANG_WARN_COMMA = YES;
				CLANG_WARN_CONSTANT_CONVERSION = YES;
				CLANG_WARN_DEPRECATED_OBJC_IMPLEMENTATIONS = YES;
				CLANG_WARN_DIRECT_OBJC_ISA_USAGE = YES_ERROR;
				CLANG_WARN_DOCUMENTATION_COMMENTS = YES;
				CLANG_WARN_EMPTY_BODY = YES;
				CLANG_WARN_ENUM_CONVERSION = YES;
				CLANG_WARN_INFINITE_RECURSION = YES;
				CLANG_WARN_INT_CONVERSION = YES;
				CLANG_WARN_NON_LITERAL_NULL_CONVERSION = YES;
				CLANG_WARN_OBJC_IMPLICIT_RETAIN_SELF = YES;
				CLANG_WARN_OBJC_LITERAL_CONVERSION = YES;
				CLANG_WARN_OBJC_ROOT_CLASS = YES_ERROR;
				CLANG_WARN_RANGE_LOOP_ANALYSIS = YES;
				CLANG_WARN_STRICT_PROTOTYPES = YES;
				CLANG_WARN_SUSPICIOUS_MOVE = YES;
				CLANG_WARN_UNGUARDED_AVAILABILITY = YES_AGGRESSIVE;
				CLANG_WARN_UNREACHABLE_CODE = YES;
				CLANG_WARN__DUPLICATE_METHOD_MATCH = YES;
				COPY_PHASE_STRIP = NO;
				DEBUG_INFORMATION_FORMAT = dwarf;
				ENABLE_STRICT_OBJC_MSGSEND = YES;
				ENABLE_TESTABILITY = YES;
				GCC_C_LANGUAGE_STANDARD = gnu11;
				GCC_DYNAMIC_NO_PIC = NO;
				GCC_NO_COMMON_BLOCKS = YES;
				GCC_OPTIMIZATION_LEVEL = 0;
				GCC_PREPROCESSOR_DEFINITIONS = (
					"DEBUG=1",
					"$(inherited)",
				);
				GCC_WARN_64_TO_32_BIT_CONVERSION = YES;
				GCC_WARN_ABOUT_RETURN_TYPE = YES_ERROR;
				GCC_WARN_UNDECLARED_SELECTOR = YES;
				GCC_WARN_UNINITIALIZED_AUTOS = YES_AGGRESSIVE;
				GCC_WARN_UNUSED_FUNCTION = YES;
				GCC_WARN_UNUSED_VARIABLE = YES;
				IPHONEOS_DEPLOYMENT_TARGET = 13.2;
				MTL_ENABLE_DEBUG_INFO = INCLUDE_SOURCE;
				MTL_FAST_MATH = YES;
				ONLY_ACTIVE_ARCH = YES;
				SDKROOT = iphoneos;
				SWIFT_ACTIVE_COMPILATION_CONDITIONS = DEBUG;
				SWIFT_OPTIMIZATION_LEVEL = "-Onone";
			};
			name = Debug;
		};
		11F828E7237CEBBA00459CAB /* Release */ = {
			isa = XCBuildConfiguration;
			buildSettings = {
				ALWAYS_SEARCH_USER_PATHS = NO;
				CLANG_ANALYZER_NONNULL = YES;
				CLANG_ANALYZER_NUMBER_OBJECT_CONVERSION = YES_AGGRESSIVE;
				CLANG_CXX_LANGUAGE_STANDARD = "gnu++14";
				CLANG_CXX_LIBRARY = "libc++";
				CLANG_ENABLE_MODULES = YES;
				CLANG_ENABLE_OBJC_ARC = YES;
				CLANG_ENABLE_OBJC_WEAK = YES;
				CLANG_WARN_BLOCK_CAPTURE_AUTORELEASING = YES;
				CLANG_WARN_BOOL_CONVERSION = YES;
				CLANG_WARN_COMMA = YES;
				CLANG_WARN_CONSTANT_CONVERSION = YES;
				CLANG_WARN_DEPRECATED_OBJC_IMPLEMENTATIONS = YES;
				CLANG_WARN_DIRECT_OBJC_ISA_USAGE = YES_ERROR;
				CLANG_WARN_DOCUMENTATION_COMMENTS = YES;
				CLANG_WARN_EMPTY_BODY = YES;
				CLANG_WARN_ENUM_CONVERSION = YES;
				CLANG_WARN_INFINITE_RECURSION = YES;
				CLANG_WARN_INT_CONVERSION = YES;
				CLANG_WARN_NON_LITERAL_NULL_CONVERSION = YES;
				CLANG_WARN_OBJC_IMPLICIT_RETAIN_SELF = YES;
				CLANG_WARN_OBJC_LITERAL_CONVERSION = YES;
				CLANG_WARN_OBJC_ROOT_CLASS = YES_ERROR;
				CLANG_WARN_RANGE_LOOP_ANALYSIS = YES;
				CLANG_WARN_STRICT_PROTOTYPES = YES;
				CLANG_WARN_SUSPICIOUS_MOVE = YES;
				CLANG_WARN_UNGUARDED_AVAILABILITY = YES_AGGRESSIVE;
				CLANG_WARN_UNREACHABLE_CODE = YES;
				CLANG_WARN__DUPLICATE_METHOD_MATCH = YES;
				COPY_PHASE_STRIP = NO;
				DEBUG_INFORMATION_FORMAT = "dwarf-with-dsym";
				ENABLE_NS_ASSERTIONS = NO;
				ENABLE_STRICT_OBJC_MSGSEND = YES;
				GCC_C_LANGUAGE_STANDARD = gnu11;
				GCC_NO_COMMON_BLOCKS = YES;
				GCC_WARN_64_TO_32_BIT_CONVERSION = YES;
				GCC_WARN_ABOUT_RETURN_TYPE = YES_ERROR;
				GCC_WARN_UNDECLARED_SELECTOR = YES;
				GCC_WARN_UNINITIALIZED_AUTOS = YES_AGGRESSIVE;
				GCC_WARN_UNUSED_FUNCTION = YES;
				GCC_WARN_UNUSED_VARIABLE = YES;
				IPHONEOS_DEPLOYMENT_TARGET = 13.2;
				MTL_ENABLE_DEBUG_INFO = NO;
				MTL_FAST_MATH = YES;
				SDKROOT = iphoneos;
				SWIFT_COMPILATION_MODE = wholemodule;
				SWIFT_OPTIMIZATION_LEVEL = "-O";
				VALIDATE_PRODUCT = YES;
			};
			name = Release;
		};
		11F828E9237CEBBA00459CAB /* Debug */ = {
			isa = XCBuildConfiguration;
			buildSettings = {
				ASSETCATALOG_COMPILER_APPICON_NAME = AppIcon;
				CODE_SIGN_STYLE = Automatic;
				DEVELOPMENT_TEAM = V5ARGK4ZJP;
				INFOPLIST_FILE = SwiftVocabulary/Info.plist;
				LD_RUNPATH_SEARCH_PATHS = (
					"$(inherited)",
					"@executable_path/Frameworks",
				);
				PRODUCT_BUNDLE_IDENTIFIER = com.kevinstewart.About.SwiftVocabulary;
				PRODUCT_NAME = "$(TARGET_NAME)";
				SWIFT_VERSION = 5.0;
				TARGETED_DEVICE_FAMILY = "1,2";
			};
			name = Debug;
		};
		11F828EA237CEBBA00459CAB /* Release */ = {
			isa = XCBuildConfiguration;
			buildSettings = {
				ASSETCATALOG_COMPILER_APPICON_NAME = AppIcon;
				CODE_SIGN_STYLE = Automatic;
				DEVELOPMENT_TEAM = V5ARGK4ZJP;
				INFOPLIST_FILE = SwiftVocabulary/Info.plist;
				LD_RUNPATH_SEARCH_PATHS = (
					"$(inherited)",
					"@executable_path/Frameworks",
				);
				PRODUCT_BUNDLE_IDENTIFIER = com.kevinstewart.About.SwiftVocabulary;
				PRODUCT_NAME = "$(TARGET_NAME)";
				SWIFT_VERSION = 5.0;
				TARGETED_DEVICE_FAMILY = "1,2";
			};
			name = Release;
		};
/* End XCBuildConfiguration section */

/* Begin XCConfigurationList section */
		11F828CF237CEBAE00459CAB /* Build configuration list for PBXProject "SwiftVocabulary" */ = {
			isa = XCConfigurationList;
			buildConfigurations = (
				11F828E6237CEBBA00459CAB /* Debug */,
				11F828E7237CEBBA00459CAB /* Release */,
			);
			defaultConfigurationIsVisible = 0;
			defaultConfigurationName = Release;
		};
		11F828E8237CEBBA00459CAB /* Build configuration list for PBXNativeTarget "SwiftVocabulary" */ = {
			isa = XCConfigurationList;
			buildConfigurations = (
				11F828E9237CEBBA00459CAB /* Debug */,
				11F828EA237CEBBA00459CAB /* Release */,
			);
			defaultConfigurationIsVisible = 0;
			defaultConfigurationName = Release;
		};
/* End XCConfigurationList section */
	};
	rootObject = 11F828CC237CEBAE00459CAB /* Project object */;
}
